<Solution><Project Path="src/BookShelves.Shared/BookShelves.Shared.csproj" /><Project Path="src/BookShelves.WasmApi/BookShelves.WasmApi.csproj" /><Project Path="src/BookShelves.WasmSwa/BookShelves.WasmSwa.csproj" /><Project Path="src/BookShelves.Web.Shared/BookShelves.Web.Shared.csproj" /></Solution>