
Microsoft Visual Studio Solution File, Format Version 12.00
# Visual Studio Version 17
VisualStudioVersion = 17.0.31903.59
MinimumVisualStudioVersion = 10.0.40219.1
Project("{9A19103F-16F7-4668-BE54-9A1E7A4F7556}") = "Client", "Client\Client.csproj", "{F4B1375B-C892-424D-9CB2-9FE2B5B47EDF}"
EndProject
Project("{9A19103F-16F7-4668-BE54-9A1E7A4F7556}") = "Api", "Api\Api.csproj", "{491BFBAF-7032-4ED7-BF3A-33595531E18A}"
EndProject
Project("{2150E333-8FDC-42A3-9474-1A3956D46DE8}") = "Docs", "Docs", "{A1272ABB-DB63-4A3F-854E-5C924796C1DB}"
	ProjectSection(SolutionItems) = preProject
		Docs\Notes.txt = Docs\Notes.txt
	EndProjectSection
EndProject
Project("{2150E333-8FDC-42A3-9474-1A3956D46DE8}") = "tests", "tests", "{318E62C1-2625-463B-8EB9-336BA4FD395A}"
	ProjectSection(SolutionItems) = preProject
		tests\playwright.spec.ts = tests\playwright.spec.ts
		tests\Test.README.md = tests\Test.README.md
	EndProjectSection
EndProject
Project("{9A19103F-16F7-4668-BE54-9A1E7A4F7556}") = "SharedRazorClassLibrary", "..\SharedRazorClassLibrary\SharedRazorClassLibrary.csproj", "{3B729036-624E-4F9F-A0D9-5EB9F9CAF1FD}"
EndProject
Project("{9A19103F-16F7-4668-BE54-9A1E7A4F7556}") = "SharedModels", "..\SharedModels\SharedModels.csproj", "{E9CCFDE6-5391-4F1B-A75E-CEE2624FAC84}"
EndProject
Project("{FAE04EC0-301F-11D3-BF4B-00C04F79EFBC}") = "SharedWebModels", "SharedWebModels\SharedWebModels.csproj", "{476CFDCD-D24C-4457-BD28-C4B16C37F446}"
EndProject
Global
	GlobalSection(SolutionConfigurationPlatforms) = preSolution
		Debug|Any CPU = Debug|Any CPU
		Release|Any CPU = Release|Any CPU
	EndGlobalSection
	GlobalSection(ProjectConfigurationPlatforms) = postSolution
		{F4B1375B-C892-424D-9CB2-9FE2B5B47EDF}.Debug|Any CPU.ActiveCfg = Debug|Any CPU
		{F4B1375B-C892-424D-9CB2-9FE2B5B47EDF}.Debug|Any CPU.Build.0 = Debug|Any CPU
		{F4B1375B-C892-424D-9CB2-9FE2B5B47EDF}.Release|Any CPU.ActiveCfg = Release|Any CPU
		{F4B1375B-C892-424D-9CB2-9FE2B5B47EDF}.Release|Any CPU.Build.0 = Release|Any CPU
		{491BFBAF-7032-4ED7-BF3A-33595531E18A}.Debug|Any CPU.ActiveCfg = Debug|Any CPU
		{491BFBAF-7032-4ED7-BF3A-33595531E18A}.Debug|Any CPU.Build.0 = Debug|Any CPU
		{491BFBAF-7032-4ED7-BF3A-33595531E18A}.Release|Any CPU.ActiveCfg = Release|Any CPU
		{491BFBAF-7032-4ED7-BF3A-33595531E18A}.Release|Any CPU.Build.0 = Release|Any CPU
		{3B729036-624E-4F9F-A0D9-5EB9F9CAF1FD}.Debug|Any CPU.ActiveCfg = Debug|Any CPU
		{3B729036-624E-4F9F-A0D9-5EB9F9CAF1FD}.Debug|Any CPU.Build.0 = Debug|Any CPU
		{3B729036-624E-4F9F-A0D9-5EB9F9CAF1FD}.Release|Any CPU.ActiveCfg = Release|Any CPU
		{3B729036-624E-4F9F-A0D9-5EB9F9CAF1FD}.Release|Any CPU.Build.0 = Release|Any CPU
		{E9CCFDE6-5391-4F1B-A75E-CEE2624FAC84}.Debug|Any CPU.ActiveCfg = Debug|Any CPU
		{E9CCFDE6-5391-4F1B-A75E-CEE2624FAC84}.Debug|Any CPU.Build.0 = Debug|Any CPU
		{E9CCFDE6-5391-4F1B-A75E-CEE2624FAC84}.Release|Any CPU.ActiveCfg = Release|Any CPU
		{E9CCFDE6-5391-4F1B-A75E-CEE2624FAC84}.Release|Any CPU.Build.0 = Release|Any CPU
		{476CFDCD-D24C-4457-BD28-C4B16C37F446}.Debug|Any CPU.ActiveCfg = Debug|Any CPU
		{476CFDCD-D24C-4457-BD28-C4B16C37F446}.Debug|Any CPU.Build.0 = Debug|Any CPU
		{476CFDCD-D24C-4457-BD28-C4B16C37F446}.Release|Any CPU.ActiveCfg = Release|Any CPU
		{476CFDCD-D24C-4457-BD28-C4B16C37F446}.Release|Any CPU.Build.0 = Release|Any CPU
	EndGlobalSection
	GlobalSection(SolutionProperties) = preSolution
		HideSolutionNode = FALSE
	EndGlobalSection
	GlobalSection(ExtensibilityGlobals) = postSolution
		SolutionGuid = {CAEC77B5-1FF5-4E89-86CD-620314C521C4}
	EndGlobalSection
EndGlobal
