Microsoft Visual Studio Solution File, Format Version 12.00
# Visual Studio Version 17
VisualStudioVersion = 17.0.31611.283
MinimumVisualStudioVersion = 10.0.40219.1
Project("{9A19103F-16F7-4668-BE54-9A1E7A4F7556}") = "BookShelvesApp", "BookShelvesApp.csproj", "{37CC52F2-EB41-45BC-AD58-B92637738ECE}"
EndProject
Project("{9A19103F-16F7-4668-BE54-9A1E7A4F7556}") = "SharedModels", "..\SharedModels\SharedModels.csproj", "{FD1D7D56-963E-479C-B08C-E68BAD73453F}"
EndProject
Project("{9A19103F-16F7-4668-BE54-9A1E7A4F7556}") = "SharedRazorClassLibrary", "..\SharedRazorClassLibrary\SharedRazorClassLibrary.csproj", "{47D1CE14-E8F6-41DE-9DB8-CF4BB1D011B5}"
EndProject
Global
	GlobalSection(SolutionConfigurationPlatforms) = preSolution
		Debug|Any CPU = Debug|Any CPU
		Release|Any CPU = Release|Any CPU
	EndGlobalSection
	GlobalSection(ProjectConfigurationPlatforms) = postSolution
		{37CC52F2-EB41-45BC-AD58-B92637738ECE}.Debug|Any CPU.ActiveCfg = Debug|Any CPU
		{37CC52F2-EB41-45BC-AD58-B92637738ECE}.Debug|Any CPU.Build.0 = Debug|Any CPU
		{37CC52F2-EB41-45BC-AD58-B92637738ECE}.Debug|Any CPU.Deploy.0 = Debug|Any CPU
		{37CC52F2-EB41-45BC-AD58-B92637738ECE}.Release|Any CPU.ActiveCfg = Release|Any CPU
		{37CC52F2-EB41-45BC-AD58-B92637738ECE}.Release|Any CPU.Build.0 = Release|Any CPU
		{37CC52F2-EB41-45BC-AD58-B92637738ECE}.Release|Any CPU.Deploy.0 = Release|Any CPU
		{FD1D7D56-963E-479C-B08C-E68BAD73453F}.Debug|Any CPU.ActiveCfg = Debug|Any CPU
		{FD1D7D56-963E-479C-B08C-E68BAD73453F}.Debug|Any CPU.Build.0 = Debug|Any CPU
		{FD1D7D56-963E-479C-B08C-E68BAD73453F}.Release|Any CPU.ActiveCfg = Release|Any CPU
		{FD1D7D56-963E-479C-B08C-E68BAD73453F}.Release|Any CPU.Build.0 = Release|Any CPU
		{47D1CE14-E8F6-41DE-9DB8-CF4BB1D011B5}.Debug|Any CPU.ActiveCfg = Debug|Any CPU
		{47D1CE14-E8F6-41DE-9DB8-CF4BB1D011B5}.Debug|Any CPU.Build.0 = Debug|Any CPU
		{47D1CE14-E8F6-41DE-9DB8-CF4BB1D011B5}.Release|Any CPU.ActiveCfg = Release|Any CPU
		{47D1CE14-E8F6-41DE-9DB8-CF4BB1D011B5}.Release|Any CPU.Build.0 = Release|Any CPU
	EndGlobalSection
	GlobalSection(SolutionProperties) = preSolution
		HideSolutionNode = FALSE
	EndGlobalSection
	GlobalSection(ExtensibilityGlobals) = postSolution
		SolutionGuid = {9DD3FDBC-D32C-45B0-8E02-C9B6FF84F9F9}
		        SolutionGuid = {61F7FB11-1E47-470C-91E2-47F8143E1572}
	EndGlobalSection
EndGlobal
