
Microsoft Visual Studio Solution File, Format Version 12.00
# Visual Studio Version 17
VisualStudioVersion = 17.10.35027.167
MinimumVisualStudioVersion = 10.0.40219.1
Project("{9A19103F-16F7-4668-BE54-9A1E7A4F7556}") = "BookShelves.Web", "BookShelves.Web\BookShelves.Web.csproj", "{C9DB1DB3-94C2-4205-A3A4-43BF8B5E2DB1}"
EndProject
Project("{9A19103F-16F7-4668-BE54-9A1E7A4F7556}") = "BookShelves.Shared", "BookShelves.Shared\BookShelves.Shared.csproj", "{B1DC0135-C075-43AC-B129-AF433A8220BA}"
EndProject
Project("{2150E333-8FDC-42A3-9474-1A3956D46DE8}") = ".github", ".github", "{1744CBD0-9C19-454C-B0DE-72EA0AF8AB00}"
EndProject
Project("{2150E333-8FDC-42A3-9474-1A3956D46DE8}") = "workflows", "workflows", "{D3BEF4E4-662C-494F-8728-C9C9862B9C53}"
	ProjectSection(SolutionItems) = preProject
		..\.github\workflows\BookShelvesAndroid-CI-Main.yml = ..\.github\workflows\BookShelvesAndroid-CI-Main.yml
		..\.github\workflows\BookShelvesApp-CD-Main.yml = ..\.github\workflows\BookShelvesApp-CD-Main.yml
		..\.github\workflows\BookShelvesIOS-CI-Main.yml = ..\.github\workflows\BookShelvesIOS-CI-Main.yml
		..\.github\workflows\BookShelvesMac-CI-Main.yml = ..\.github\workflows\BookShelvesMac-CI-Main.yml
		..\.github\workflows\BookShelvesWasmSwa-CI-Main.yml = ..\.github\workflows\BookShelvesWasmSwa-CI-Main.yml
		..\.github\workflows\BookShelvesWinUI-CI-Main.yml = ..\.github\workflows\BookShelvesWinUI-CI-Main.yml
	EndProjectSection
EndProject
Project("{9A19103F-16F7-4668-BE54-9A1E7A4F7556}") = "BookShelves.WasmSwa", "BookShelves.WasmSWA\BookShelves.WasmSwa.csproj", "{44A23565-6CD5-4B28-9B50-DE5200DEA0B0}"
EndProject
Project("{9A19103F-16F7-4668-BE54-9A1E7A4F7556}") = "BookShelves.WasmApi", "BookShelves.WasmApi\BookShelves.WasmApi.csproj", "{F5A1E18F-EF6D-4AEF-A096-C1B994531543}"
EndProject
Project("{9A19103F-16F7-4668-BE54-9A1E7A4F7556}") = "BookShelves.WebShared", "BookShelves.WebShared\BookShelves.WebShared.csproj", "{9091B714-E5B0-47EC-87B4-3E009CE11861}"
EndProject
Project("{9A19103F-16F7-4668-BE54-9A1E7A4F7556}") = "BookShelves.Maui", "BookShelves.Maui\BookShelves.Maui.csproj", "{0FC0F3B4-48EA-4869-B1C3-D5E9C4721D83}"
EndProject
Project("{FAE04EC0-301F-11D3-BF4B-00C04F79EFBC}") = "BookShelves.Maui.Data", "BookShelves.Maui.Data\BookShelves.Maui.Data.csproj", "{258E40D8-EB33-4113-9652-1E6A68628EA1}"
EndProject
Project("{FAE04EC0-301F-11D3-BF4B-00C04F79EFBC}") = "BookShelves.Shared.DataInterfaces", "BookShelves.Shared.DataInterfaces\BookShelves.Shared.DataInterfaces.csproj", "{90A28B0E-D6D3-494A-80AF-DD1D2F82040F}"
EndProject
Global
	GlobalSection(SolutionConfigurationPlatforms) = preSolution
		Debug|Any CPU = Debug|Any CPU
		Debug|ARM64 = Debug|ARM64
		Debug|x64 = Debug|x64
		Debug|x86 = Debug|x86
		Release|Any CPU = Release|Any CPU
		Release|ARM64 = Release|ARM64
		Release|x64 = Release|x64
		Release|x86 = Release|x86
	EndGlobalSection
	GlobalSection(ProjectConfigurationPlatforms) = postSolution
		{C9DB1DB3-94C2-4205-A3A4-43BF8B5E2DB1}.Debug|Any CPU.ActiveCfg = Debug|Any CPU
		{C9DB1DB3-94C2-4205-A3A4-43BF8B5E2DB1}.Debug|Any CPU.Build.0 = Debug|Any CPU
		{C9DB1DB3-94C2-4205-A3A4-43BF8B5E2DB1}.Debug|ARM64.ActiveCfg = Debug|Any CPU
		{C9DB1DB3-94C2-4205-A3A4-43BF8B5E2DB1}.Debug|ARM64.Build.0 = Debug|Any CPU
		{C9DB1DB3-94C2-4205-A3A4-43BF8B5E2DB1}.Debug|x64.ActiveCfg = Debug|Any CPU
		{C9DB1DB3-94C2-4205-A3A4-43BF8B5E2DB1}.Debug|x64.Build.0 = Debug|Any CPU
		{C9DB1DB3-94C2-4205-A3A4-43BF8B5E2DB1}.Debug|x86.ActiveCfg = Debug|Any CPU
		{C9DB1DB3-94C2-4205-A3A4-43BF8B5E2DB1}.Debug|x86.Build.0 = Debug|Any CPU
		{C9DB1DB3-94C2-4205-A3A4-43BF8B5E2DB1}.Release|Any CPU.ActiveCfg = Release|Any CPU
		{C9DB1DB3-94C2-4205-A3A4-43BF8B5E2DB1}.Release|Any CPU.Build.0 = Release|Any CPU
		{C9DB1DB3-94C2-4205-A3A4-43BF8B5E2DB1}.Release|ARM64.ActiveCfg = Release|Any CPU
		{C9DB1DB3-94C2-4205-A3A4-43BF8B5E2DB1}.Release|ARM64.Build.0 = Release|Any CPU
		{C9DB1DB3-94C2-4205-A3A4-43BF8B5E2DB1}.Release|x64.ActiveCfg = Release|Any CPU
		{C9DB1DB3-94C2-4205-A3A4-43BF8B5E2DB1}.Release|x64.Build.0 = Release|Any CPU
		{C9DB1DB3-94C2-4205-A3A4-43BF8B5E2DB1}.Release|x86.ActiveCfg = Release|Any CPU
		{C9DB1DB3-94C2-4205-A3A4-43BF8B5E2DB1}.Release|x86.Build.0 = Release|Any CPU
		{B1DC0135-C075-43AC-B129-AF433A8220BA}.Debug|Any CPU.ActiveCfg = Debug|Any CPU
		{B1DC0135-C075-43AC-B129-AF433A8220BA}.Debug|Any CPU.Build.0 = Debug|Any CPU
		{B1DC0135-C075-43AC-B129-AF433A8220BA}.Debug|ARM64.ActiveCfg = Debug|Any CPU
		{B1DC0135-C075-43AC-B129-AF433A8220BA}.Debug|ARM64.Build.0 = Debug|Any CPU
		{B1DC0135-C075-43AC-B129-AF433A8220BA}.Debug|x64.ActiveCfg = Debug|Any CPU
		{B1DC0135-C075-43AC-B129-AF433A8220BA}.Debug|x64.Build.0 = Debug|Any CPU
		{B1DC0135-C075-43AC-B129-AF433A8220BA}.Debug|x86.ActiveCfg = Debug|Any CPU
		{B1DC0135-C075-43AC-B129-AF433A8220BA}.Debug|x86.Build.0 = Debug|Any CPU
		{B1DC0135-C075-43AC-B129-AF433A8220BA}.Release|Any CPU.ActiveCfg = Release|Any CPU
		{B1DC0135-C075-43AC-B129-AF433A8220BA}.Release|Any CPU.Build.0 = Release|Any CPU
		{B1DC0135-C075-43AC-B129-AF433A8220BA}.Release|ARM64.ActiveCfg = Release|Any CPU
		{B1DC0135-C075-43AC-B129-AF433A8220BA}.Release|ARM64.Build.0 = Release|Any CPU
		{B1DC0135-C075-43AC-B129-AF433A8220BA}.Release|x64.ActiveCfg = Release|Any CPU
		{B1DC0135-C075-43AC-B129-AF433A8220BA}.Release|x64.Build.0 = Release|Any CPU
		{B1DC0135-C075-43AC-B129-AF433A8220BA}.Release|x86.ActiveCfg = Release|Any CPU
		{B1DC0135-C075-43AC-B129-AF433A8220BA}.Release|x86.Build.0 = Release|Any CPU
		{44A23565-6CD5-4B28-9B50-DE5200DEA0B0}.Debug|Any CPU.ActiveCfg = Debug|Any CPU
		{44A23565-6CD5-4B28-9B50-DE5200DEA0B0}.Debug|Any CPU.Build.0 = Debug|Any CPU
		{44A23565-6CD5-4B28-9B50-DE5200DEA0B0}.Debug|ARM64.ActiveCfg = Debug|Any CPU
		{44A23565-6CD5-4B28-9B50-DE5200DEA0B0}.Debug|ARM64.Build.0 = Debug|Any CPU
		{44A23565-6CD5-4B28-9B50-DE5200DEA0B0}.Debug|x64.ActiveCfg = Debug|Any CPU
		{44A23565-6CD5-4B28-9B50-DE5200DEA0B0}.Debug|x64.Build.0 = Debug|Any CPU
		{44A23565-6CD5-4B28-9B50-DE5200DEA0B0}.Debug|x86.ActiveCfg = Debug|Any CPU
		{44A23565-6CD5-4B28-9B50-DE5200DEA0B0}.Debug|x86.Build.0 = Debug|Any CPU
		{44A23565-6CD5-4B28-9B50-DE5200DEA0B0}.Release|Any CPU.ActiveCfg = Release|Any CPU
		{44A23565-6CD5-4B28-9B50-DE5200DEA0B0}.Release|Any CPU.Build.0 = Release|Any CPU
		{44A23565-6CD5-4B28-9B50-DE5200DEA0B0}.Release|ARM64.ActiveCfg = Release|Any CPU
		{44A23565-6CD5-4B28-9B50-DE5200DEA0B0}.Release|ARM64.Build.0 = Release|Any CPU
		{44A23565-6CD5-4B28-9B50-DE5200DEA0B0}.Release|x64.ActiveCfg = Release|Any CPU
		{44A23565-6CD5-4B28-9B50-DE5200DEA0B0}.Release|x64.Build.0 = Release|Any CPU
		{44A23565-6CD5-4B28-9B50-DE5200DEA0B0}.Release|x86.ActiveCfg = Release|Any CPU
		{44A23565-6CD5-4B28-9B50-DE5200DEA0B0}.Release|x86.Build.0 = Release|Any CPU
		{F5A1E18F-EF6D-4AEF-A096-C1B994531543}.Debug|Any CPU.ActiveCfg = Debug|Any CPU
		{F5A1E18F-EF6D-4AEF-A096-C1B994531543}.Debug|Any CPU.Build.0 = Debug|Any CPU
		{F5A1E18F-EF6D-4AEF-A096-C1B994531543}.Debug|ARM64.ActiveCfg = Debug|Any CPU
		{F5A1E18F-EF6D-4AEF-A096-C1B994531543}.Debug|ARM64.Build.0 = Debug|Any CPU
		{F5A1E18F-EF6D-4AEF-A096-C1B994531543}.Debug|x64.ActiveCfg = Debug|Any CPU
		{F5A1E18F-EF6D-4AEF-A096-C1B994531543}.Debug|x64.Build.0 = Debug|Any CPU
		{F5A1E18F-EF6D-4AEF-A096-C1B994531543}.Debug|x86.ActiveCfg = Debug|Any CPU
		{F5A1E18F-EF6D-4AEF-A096-C1B994531543}.Debug|x86.Build.0 = Debug|Any CPU
		{F5A1E18F-EF6D-4AEF-A096-C1B994531543}.Release|Any CPU.ActiveCfg = Release|Any CPU
		{F5A1E18F-EF6D-4AEF-A096-C1B994531543}.Release|Any CPU.Build.0 = Release|Any CPU
		{F5A1E18F-EF6D-4AEF-A096-C1B994531543}.Release|ARM64.ActiveCfg = Release|Any CPU
		{F5A1E18F-EF6D-4AEF-A096-C1B994531543}.Release|ARM64.Build.0 = Release|Any CPU
		{F5A1E18F-EF6D-4AEF-A096-C1B994531543}.Release|x64.ActiveCfg = Release|Any CPU
		{F5A1E18F-EF6D-4AEF-A096-C1B994531543}.Release|x64.Build.0 = Release|Any CPU
		{F5A1E18F-EF6D-4AEF-A096-C1B994531543}.Release|x86.ActiveCfg = Release|Any CPU
		{F5A1E18F-EF6D-4AEF-A096-C1B994531543}.Release|x86.Build.0 = Release|Any CPU
		{9091B714-E5B0-47EC-87B4-3E009CE11861}.Debug|Any CPU.ActiveCfg = Debug|Any CPU
		{9091B714-E5B0-47EC-87B4-3E009CE11861}.Debug|Any CPU.Build.0 = Debug|Any CPU
		{9091B714-E5B0-47EC-87B4-3E009CE11861}.Debug|ARM64.ActiveCfg = Debug|Any CPU
		{9091B714-E5B0-47EC-87B4-3E009CE11861}.Debug|ARM64.Build.0 = Debug|Any CPU
		{9091B714-E5B0-47EC-87B4-3E009CE11861}.Debug|x64.ActiveCfg = Debug|Any CPU
		{9091B714-E5B0-47EC-87B4-3E009CE11861}.Debug|x64.Build.0 = Debug|Any CPU
		{9091B714-E5B0-47EC-87B4-3E009CE11861}.Debug|x86.ActiveCfg = Debug|Any CPU
		{9091B714-E5B0-47EC-87B4-3E009CE11861}.Debug|x86.Build.0 = Debug|Any CPU
		{9091B714-E5B0-47EC-87B4-3E009CE11861}.Release|Any CPU.ActiveCfg = Release|Any CPU
		{9091B714-E5B0-47EC-87B4-3E009CE11861}.Release|Any CPU.Build.0 = Release|Any CPU
		{9091B714-E5B0-47EC-87B4-3E009CE11861}.Release|ARM64.ActiveCfg = Release|Any CPU
		{9091B714-E5B0-47EC-87B4-3E009CE11861}.Release|ARM64.Build.0 = Release|Any CPU
		{9091B714-E5B0-47EC-87B4-3E009CE11861}.Release|x64.ActiveCfg = Release|Any CPU
		{9091B714-E5B0-47EC-87B4-3E009CE11861}.Release|x64.Build.0 = Release|Any CPU
		{9091B714-E5B0-47EC-87B4-3E009CE11861}.Release|x86.ActiveCfg = Release|Any CPU
		{9091B714-E5B0-47EC-87B4-3E009CE11861}.Release|x86.Build.0 = Release|Any CPU
		{0FC0F3B4-48EA-4869-B1C3-D5E9C4721D83}.Debug|Any CPU.ActiveCfg = Debug|Any CPU
		{0FC0F3B4-48EA-4869-B1C3-D5E9C4721D83}.Debug|Any CPU.Build.0 = Debug|Any CPU
		{0FC0F3B4-48EA-4869-B1C3-D5E9C4721D83}.Debug|Any CPU.Deploy.0 = Debug|Any CPU
		{0FC0F3B4-48EA-4869-B1C3-D5E9C4721D83}.Debug|ARM64.ActiveCfg = Debug|Any CPU
		{0FC0F3B4-48EA-4869-B1C3-D5E9C4721D83}.Debug|ARM64.Build.0 = Debug|Any CPU
		{0FC0F3B4-48EA-4869-B1C3-D5E9C4721D83}.Debug|ARM64.Deploy.0 = Debug|Any CPU
		{0FC0F3B4-48EA-4869-B1C3-D5E9C4721D83}.Debug|x64.ActiveCfg = Debug|Any CPU
		{0FC0F3B4-48EA-4869-B1C3-D5E9C4721D83}.Debug|x64.Build.0 = Debug|Any CPU
		{0FC0F3B4-48EA-4869-B1C3-D5E9C4721D83}.Debug|x64.Deploy.0 = Debug|Any CPU
		{0FC0F3B4-48EA-4869-B1C3-D5E9C4721D83}.Debug|x86.ActiveCfg = Debug|Any CPU
		{0FC0F3B4-48EA-4869-B1C3-D5E9C4721D83}.Debug|x86.Build.0 = Debug|Any CPU
		{0FC0F3B4-48EA-4869-B1C3-D5E9C4721D83}.Debug|x86.Deploy.0 = Debug|Any CPU
		{0FC0F3B4-48EA-4869-B1C3-D5E9C4721D83}.Release|Any CPU.ActiveCfg = Release|Any CPU
		{0FC0F3B4-48EA-4869-B1C3-D5E9C4721D83}.Release|Any CPU.Build.0 = Release|Any CPU
		{0FC0F3B4-48EA-4869-B1C3-D5E9C4721D83}.Release|Any CPU.Deploy.0 = Release|Any CPU
		{0FC0F3B4-48EA-4869-B1C3-D5E9C4721D83}.Release|ARM64.ActiveCfg = Release|Any CPU
		{0FC0F3B4-48EA-4869-B1C3-D5E9C4721D83}.Release|ARM64.Build.0 = Release|Any CPU
		{0FC0F3B4-48EA-4869-B1C3-D5E9C4721D83}.Release|ARM64.Deploy.0 = Release|Any CPU
		{0FC0F3B4-48EA-4869-B1C3-D5E9C4721D83}.Release|x64.ActiveCfg = Release|Any CPU
		{0FC0F3B4-48EA-4869-B1C3-D5E9C4721D83}.Release|x64.Build.0 = Release|Any CPU
		{0FC0F3B4-48EA-4869-B1C3-D5E9C4721D83}.Release|x64.Deploy.0 = Release|Any CPU
		{0FC0F3B4-48EA-4869-B1C3-D5E9C4721D83}.Release|x86.ActiveCfg = Release|Any CPU
		{0FC0F3B4-48EA-4869-B1C3-D5E9C4721D83}.Release|x86.Build.0 = Release|Any CPU
		{0FC0F3B4-48EA-4869-B1C3-D5E9C4721D83}.Release|x86.Deploy.0 = Release|Any CPU
		{258E40D8-EB33-4113-9652-1E6A68628EA1}.Debug|Any CPU.ActiveCfg = Debug|Any CPU
		{258E40D8-EB33-4113-9652-1E6A68628EA1}.Debug|Any CPU.Build.0 = Debug|Any CPU
		{258E40D8-EB33-4113-9652-1E6A68628EA1}.Debug|ARM64.ActiveCfg = Debug|Any CPU
		{258E40D8-EB33-4113-9652-1E6A68628EA1}.Debug|ARM64.Build.0 = Debug|Any CPU
		{258E40D8-EB33-4113-9652-1E6A68628EA1}.Debug|x64.ActiveCfg = Debug|Any CPU
		{258E40D8-EB33-4113-9652-1E6A68628EA1}.Debug|x64.Build.0 = Debug|Any CPU
		{258E40D8-EB33-4113-9652-1E6A68628EA1}.Debug|x86.ActiveCfg = Debug|Any CPU
		{258E40D8-EB33-4113-9652-1E6A68628EA1}.Debug|x86.Build.0 = Debug|Any CPU
		{258E40D8-EB33-4113-9652-1E6A68628EA1}.Release|Any CPU.ActiveCfg = Release|Any CPU
		{258E40D8-EB33-4113-9652-1E6A68628EA1}.Release|Any CPU.Build.0 = Release|Any CPU
		{258E40D8-EB33-4113-9652-1E6A68628EA1}.Release|ARM64.ActiveCfg = Release|Any CPU
		{258E40D8-EB33-4113-9652-1E6A68628EA1}.Release|ARM64.Build.0 = Release|Any CPU
		{258E40D8-EB33-4113-9652-1E6A68628EA1}.Release|x64.ActiveCfg = Release|Any CPU
		{258E40D8-EB33-4113-9652-1E6A68628EA1}.Release|x64.Build.0 = Release|Any CPU
		{258E40D8-EB33-4113-9652-1E6A68628EA1}.Release|x86.ActiveCfg = Release|Any CPU
		{258E40D8-EB33-4113-9652-1E6A68628EA1}.Release|x86.Build.0 = Release|Any CPU
		{90A28B0E-D6D3-494A-80AF-DD1D2F82040F}.Debug|Any CPU.ActiveCfg = Debug|Any CPU
		{90A28B0E-D6D3-494A-80AF-DD1D2F82040F}.Debug|Any CPU.Build.0 = Debug|Any CPU
		{90A28B0E-D6D3-494A-80AF-DD1D2F82040F}.Debug|ARM64.ActiveCfg = Debug|Any CPU
		{90A28B0E-D6D3-494A-80AF-DD1D2F82040F}.Debug|ARM64.Build.0 = Debug|Any CPU
		{90A28B0E-D6D3-494A-80AF-DD1D2F82040F}.Debug|x64.ActiveCfg = Debug|Any CPU
		{90A28B0E-D6D3-494A-80AF-DD1D2F82040F}.Debug|x64.Build.0 = Debug|Any CPU
		{90A28B0E-D6D3-494A-80AF-DD1D2F82040F}.Debug|x86.ActiveCfg = Debug|Any CPU
		{90A28B0E-D6D3-494A-80AF-DD1D2F82040F}.Debug|x86.Build.0 = Debug|Any CPU
		{90A28B0E-D6D3-494A-80AF-DD1D2F82040F}.Release|Any CPU.ActiveCfg = Release|Any CPU
		{90A28B0E-D6D3-494A-80AF-DD1D2F82040F}.Release|Any CPU.Build.0 = Release|Any CPU
		{90A28B0E-D6D3-494A-80AF-DD1D2F82040F}.Release|ARM64.ActiveCfg = Release|Any CPU
		{90A28B0E-D6D3-494A-80AF-DD1D2F82040F}.Release|ARM64.Build.0 = Release|Any CPU
		{90A28B0E-D6D3-494A-80AF-DD1D2F82040F}.Release|x64.ActiveCfg = Release|Any CPU
		{90A28B0E-D6D3-494A-80AF-DD1D2F82040F}.Release|x64.Build.0 = Release|Any CPU
		{90A28B0E-D6D3-494A-80AF-DD1D2F82040F}.Release|x86.ActiveCfg = Release|Any CPU
		{90A28B0E-D6D3-494A-80AF-DD1D2F82040F}.Release|x86.Build.0 = Release|Any CPU
	EndGlobalSection
	GlobalSection(SolutionProperties) = preSolution
		HideSolutionNode = FALSE
	EndGlobalSection
	GlobalSection(NestedProjects) = preSolution
		{D3BEF4E4-662C-494F-8728-C9C9862B9C53} = {1744CBD0-9C19-454C-B0DE-72EA0AF8AB00}
	EndGlobalSection
	GlobalSection(ExtensibilityGlobals) = postSolution
		SolutionGuid = {4E06989F-7FA4-4C9F-9C2A-4B45FDCEE7E5}
	EndGlobalSection
EndGlobal
