
Microsoft Visual Studio Solution File, Format Version 12.00
# Visual Studio Version 17
VisualStudioVersion = 17.10.35027.167
MinimumVisualStudioVersion = 10.0.40219.1
Project("{9A19103F-16F7-4668-BE54-9A1E7A4F7556}") = "BookShelves.iOS", "BookShelves.iOS\BookShelves.iOS.csproj", "{77CCB2E4-6EBD-496F-B07A-1C6A71B2D1ED}"
EndProject
Project("{9A19103F-16F7-4668-BE54-9A1E7A4F7556}") = "BookShelves.Mac", "BookShelves.Mac\BookShelves.Mac.csproj", "{A407C041-1A12-4981-A1FD-F0B488D93C38}"
EndProject
Project("{9A19103F-16F7-4668-BE54-9A1E7A4F7556}") = "BookShelves.WinUI", "BookShelves.WinUI\BookShelves.WinUI.csproj", "{9AEBD8B4-5326-42F4-A5B7-FE65C890DE2E}"
EndProject
Project("{9A19103F-16F7-4668-BE54-9A1E7A4F7556}") = "BookShelves.Maui", "BookShelves.Maui\BookShelves.Maui.csproj", "{9C155B94-5A6D-42C6-8259-EF3EAE89DE2E}"
EndProject
Project("{9A19103F-16F7-4668-BE54-9A1E7A4F7556}") = "BookShelves.Web", "BookShelves.Web\BookShelves.Web.csproj", "{C9DB1DB3-94C2-4205-A3A4-43BF8B5E2DB1}"
EndProject
Project("{9A19103F-16F7-4668-BE54-9A1E7A4F7556}") = "BookShelves.Shared", "BookShelves.Shared\BookShelves.Shared.csproj", "{B1DC0135-C075-43AC-B129-AF433A8220BA}"
EndProject
Project("{2150E333-8FDC-42A3-9474-1A3956D46DE8}") = ".github", ".github", "{1744CBD0-9C19-454C-B0DE-72EA0AF8AB00}"
EndProject
Project("{2150E333-8FDC-42A3-9474-1A3956D46DE8}") = "workflows", "workflows", "{D3BEF4E4-662C-494F-8728-C9C9862B9C53}"
	ProjectSection(SolutionItems) = preProject
		..\.github\workflows\BookShelvesApp-CD-Main.yml = ..\.github\workflows\BookShelvesApp-CD-Main.yml
		..\.github\workflows\BookShelvesWasmSwa-CI-Main.yml = ..\.github\workflows\BookShelvesWasmSwa-CI-Main.yml
		..\.github\workflows\BookShelvesWinUI-CI-Main.yml = ..\.github\workflows\BookShelvesWinUI-CI-Main.yml
	EndProjectSection
EndProject
Project("{9A19103F-16F7-4668-BE54-9A1E7A4F7556}") = "BookShelves.WasmSwa", "BookShelves.WasmSWA\BookShelves.WasmSwa.csproj", "{44A23565-6CD5-4B28-9B50-DE5200DEA0B0}"
EndProject
Project("{9A19103F-16F7-4668-BE54-9A1E7A4F7556}") = "BookShelves.WasmApi", "BookShelves.WasmApi\BookShelves.WasmApi.csproj", "{F5A1E18F-EF6D-4AEF-A096-C1B994531543}"
EndProject
Project("{9A19103F-16F7-4668-BE54-9A1E7A4F7556}") = "BookShelves.WebShared", "BookShelves.WebShared\BookShelves.WebShared.csproj", "{9091B714-E5B0-47EC-87B4-3E009CE11861}"
EndProject
Global
	GlobalSection(SolutionConfigurationPlatforms) = preSolution
		Debug|Any CPU = Debug|Any CPU
		Debug|ARM64 = Debug|ARM64
		Debug|x64 = Debug|x64
		Debug|x86 = Debug|x86
		Release|Any CPU = Release|Any CPU
		Release|ARM64 = Release|ARM64
		Release|x64 = Release|x64
		Release|x86 = Release|x86
	EndGlobalSection
	GlobalSection(ProjectConfigurationPlatforms) = postSolution
		{77CCB2E4-6EBD-496F-B07A-1C6A71B2D1ED}.Debug|Any CPU.ActiveCfg = Debug|Any CPU
		{77CCB2E4-6EBD-496F-B07A-1C6A71B2D1ED}.Debug|Any CPU.Build.0 = Debug|Any CPU
		{77CCB2E4-6EBD-496F-B07A-1C6A71B2D1ED}.Debug|Any CPU.Deploy.0 = Debug|Any CPU
		{77CCB2E4-6EBD-496F-B07A-1C6A71B2D1ED}.Debug|ARM64.ActiveCfg = Debug|Any CPU
		{77CCB2E4-6EBD-496F-B07A-1C6A71B2D1ED}.Debug|ARM64.Build.0 = Debug|Any CPU
		{77CCB2E4-6EBD-496F-B07A-1C6A71B2D1ED}.Debug|ARM64.Deploy.0 = Debug|Any CPU
		{77CCB2E4-6EBD-496F-B07A-1C6A71B2D1ED}.Debug|x64.ActiveCfg = Debug|Any CPU
		{77CCB2E4-6EBD-496F-B07A-1C6A71B2D1ED}.Debug|x64.Build.0 = Debug|Any CPU
		{77CCB2E4-6EBD-496F-B07A-1C6A71B2D1ED}.Debug|x64.Deploy.0 = Debug|Any CPU
		{77CCB2E4-6EBD-496F-B07A-1C6A71B2D1ED}.Debug|x86.ActiveCfg = Debug|Any CPU
		{77CCB2E4-6EBD-496F-B07A-1C6A71B2D1ED}.Debug|x86.Build.0 = Debug|Any CPU
		{77CCB2E4-6EBD-496F-B07A-1C6A71B2D1ED}.Debug|x86.Deploy.0 = Debug|Any CPU
		{77CCB2E4-6EBD-496F-B07A-1C6A71B2D1ED}.Release|Any CPU.ActiveCfg = Release|Any CPU
		{77CCB2E4-6EBD-496F-B07A-1C6A71B2D1ED}.Release|Any CPU.Build.0 = Release|Any CPU
		{77CCB2E4-6EBD-496F-B07A-1C6A71B2D1ED}.Release|Any CPU.Deploy.0 = Release|Any CPU
		{77CCB2E4-6EBD-496F-B07A-1C6A71B2D1ED}.Release|ARM64.ActiveCfg = Release|Any CPU
		{77CCB2E4-6EBD-496F-B07A-1C6A71B2D1ED}.Release|ARM64.Build.0 = Release|Any CPU
		{77CCB2E4-6EBD-496F-B07A-1C6A71B2D1ED}.Release|ARM64.Deploy.0 = Release|Any CPU
		{77CCB2E4-6EBD-496F-B07A-1C6A71B2D1ED}.Release|x64.ActiveCfg = Release|Any CPU
		{77CCB2E4-6EBD-496F-B07A-1C6A71B2D1ED}.Release|x64.Build.0 = Release|Any CPU
		{77CCB2E4-6EBD-496F-B07A-1C6A71B2D1ED}.Release|x64.Deploy.0 = Release|Any CPU
		{77CCB2E4-6EBD-496F-B07A-1C6A71B2D1ED}.Release|x86.ActiveCfg = Release|Any CPU
		{77CCB2E4-6EBD-496F-B07A-1C6A71B2D1ED}.Release|x86.Build.0 = Release|Any CPU
		{77CCB2E4-6EBD-496F-B07A-1C6A71B2D1ED}.Release|x86.Deploy.0 = Release|Any CPU
		{A407C041-1A12-4981-A1FD-F0B488D93C38}.Debug|Any CPU.ActiveCfg = Debug|Any CPU
		{A407C041-1A12-4981-A1FD-F0B488D93C38}.Debug|Any CPU.Build.0 = Debug|Any CPU
		{A407C041-1A12-4981-A1FD-F0B488D93C38}.Debug|Any CPU.Deploy.0 = Debug|Any CPU
		{A407C041-1A12-4981-A1FD-F0B488D93C38}.Debug|ARM64.ActiveCfg = Debug|Any CPU
		{A407C041-1A12-4981-A1FD-F0B488D93C38}.Debug|ARM64.Build.0 = Debug|Any CPU
		{A407C041-1A12-4981-A1FD-F0B488D93C38}.Debug|ARM64.Deploy.0 = Debug|Any CPU
		{A407C041-1A12-4981-A1FD-F0B488D93C38}.Debug|x64.ActiveCfg = Debug|Any CPU
		{A407C041-1A12-4981-A1FD-F0B488D93C38}.Debug|x64.Build.0 = Debug|Any CPU
		{A407C041-1A12-4981-A1FD-F0B488D93C38}.Debug|x64.Deploy.0 = Debug|Any CPU
		{A407C041-1A12-4981-A1FD-F0B488D93C38}.Debug|x86.ActiveCfg = Debug|Any CPU
		{A407C041-1A12-4981-A1FD-F0B488D93C38}.Debug|x86.Build.0 = Debug|Any CPU
		{A407C041-1A12-4981-A1FD-F0B488D93C38}.Debug|x86.Deploy.0 = Debug|Any CPU
		{A407C041-1A12-4981-A1FD-F0B488D93C38}.Release|Any CPU.ActiveCfg = Release|Any CPU
		{A407C041-1A12-4981-A1FD-F0B488D93C38}.Release|Any CPU.Build.0 = Release|Any CPU
		{A407C041-1A12-4981-A1FD-F0B488D93C38}.Release|Any CPU.Deploy.0 = Release|Any CPU
		{A407C041-1A12-4981-A1FD-F0B488D93C38}.Release|ARM64.ActiveCfg = Release|Any CPU
		{A407C041-1A12-4981-A1FD-F0B488D93C38}.Release|ARM64.Build.0 = Release|Any CPU
		{A407C041-1A12-4981-A1FD-F0B488D93C38}.Release|ARM64.Deploy.0 = Release|Any CPU
		{A407C041-1A12-4981-A1FD-F0B488D93C38}.Release|x64.ActiveCfg = Release|Any CPU
		{A407C041-1A12-4981-A1FD-F0B488D93C38}.Release|x64.Build.0 = Release|Any CPU
		{A407C041-1A12-4981-A1FD-F0B488D93C38}.Release|x64.Deploy.0 = Release|Any CPU
		{A407C041-1A12-4981-A1FD-F0B488D93C38}.Release|x86.ActiveCfg = Release|Any CPU
		{A407C041-1A12-4981-A1FD-F0B488D93C38}.Release|x86.Build.0 = Release|Any CPU
		{A407C041-1A12-4981-A1FD-F0B488D93C38}.Release|x86.Deploy.0 = Release|Any CPU
		{9AEBD8B4-5326-42F4-A5B7-FE65C890DE2E}.Debug|Any CPU.ActiveCfg = Debug|x64
		{9AEBD8B4-5326-42F4-A5B7-FE65C890DE2E}.Debug|Any CPU.Build.0 = Debug|x64
		{9AEBD8B4-5326-42F4-A5B7-FE65C890DE2E}.Debug|Any CPU.Deploy.0 = Debug|x64
		{9AEBD8B4-5326-42F4-A5B7-FE65C890DE2E}.Debug|ARM64.ActiveCfg = Debug|ARM64
		{9AEBD8B4-5326-42F4-A5B7-FE65C890DE2E}.Debug|ARM64.Build.0 = Debug|ARM64
		{9AEBD8B4-5326-42F4-A5B7-FE65C890DE2E}.Debug|ARM64.Deploy.0 = Debug|ARM64
		{9AEBD8B4-5326-42F4-A5B7-FE65C890DE2E}.Debug|x64.ActiveCfg = Debug|x64
		{9AEBD8B4-5326-42F4-A5B7-FE65C890DE2E}.Debug|x64.Build.0 = Debug|x64
		{9AEBD8B4-5326-42F4-A5B7-FE65C890DE2E}.Debug|x64.Deploy.0 = Debug|x64
		{9AEBD8B4-5326-42F4-A5B7-FE65C890DE2E}.Debug|x86.ActiveCfg = Debug|x86
		{9AEBD8B4-5326-42F4-A5B7-FE65C890DE2E}.Debug|x86.Build.0 = Debug|x86
		{9AEBD8B4-5326-42F4-A5B7-FE65C890DE2E}.Debug|x86.Deploy.0 = Debug|x86
		{9AEBD8B4-5326-42F4-A5B7-FE65C890DE2E}.Release|Any CPU.ActiveCfg = Release|x64
		{9AEBD8B4-5326-42F4-A5B7-FE65C890DE2E}.Release|Any CPU.Build.0 = Release|x64
		{9AEBD8B4-5326-42F4-A5B7-FE65C890DE2E}.Release|Any CPU.Deploy.0 = Release|x64
		{9AEBD8B4-5326-42F4-A5B7-FE65C890DE2E}.Release|ARM64.ActiveCfg = Release|ARM64
		{9AEBD8B4-5326-42F4-A5B7-FE65C890DE2E}.Release|ARM64.Build.0 = Release|ARM64
		{9AEBD8B4-5326-42F4-A5B7-FE65C890DE2E}.Release|ARM64.Deploy.0 = Release|ARM64
		{9AEBD8B4-5326-42F4-A5B7-FE65C890DE2E}.Release|x64.ActiveCfg = Release|x64
		{9AEBD8B4-5326-42F4-A5B7-FE65C890DE2E}.Release|x64.Build.0 = Release|x64
		{9AEBD8B4-5326-42F4-A5B7-FE65C890DE2E}.Release|x64.Deploy.0 = Release|x64
		{9AEBD8B4-5326-42F4-A5B7-FE65C890DE2E}.Release|x86.ActiveCfg = Release|x86
		{9AEBD8B4-5326-42F4-A5B7-FE65C890DE2E}.Release|x86.Build.0 = Release|x86
		{9AEBD8B4-5326-42F4-A5B7-FE65C890DE2E}.Release|x86.Deploy.0 = Release|x86
		{9C155B94-5A6D-42C6-8259-EF3EAE89DE2E}.Debug|Any CPU.ActiveCfg = Debug|Any CPU
		{9C155B94-5A6D-42C6-8259-EF3EAE89DE2E}.Debug|Any CPU.Build.0 = Debug|Any CPU
		{9C155B94-5A6D-42C6-8259-EF3EAE89DE2E}.Debug|ARM64.ActiveCfg = Debug|Any CPU
		{9C155B94-5A6D-42C6-8259-EF3EAE89DE2E}.Debug|ARM64.Build.0 = Debug|Any CPU
		{9C155B94-5A6D-42C6-8259-EF3EAE89DE2E}.Debug|x64.ActiveCfg = Debug|Any CPU
		{9C155B94-5A6D-42C6-8259-EF3EAE89DE2E}.Debug|x64.Build.0 = Debug|Any CPU
		{9C155B94-5A6D-42C6-8259-EF3EAE89DE2E}.Debug|x86.ActiveCfg = Debug|Any CPU
		{9C155B94-5A6D-42C6-8259-EF3EAE89DE2E}.Debug|x86.Build.0 = Debug|Any CPU
		{9C155B94-5A6D-42C6-8259-EF3EAE89DE2E}.Release|Any CPU.ActiveCfg = Release|Any CPU
		{9C155B94-5A6D-42C6-8259-EF3EAE89DE2E}.Release|Any CPU.Build.0 = Release|Any CPU
		{9C155B94-5A6D-42C6-8259-EF3EAE89DE2E}.Release|ARM64.ActiveCfg = Release|Any CPU
		{9C155B94-5A6D-42C6-8259-EF3EAE89DE2E}.Release|ARM64.Build.0 = Release|Any CPU
		{9C155B94-5A6D-42C6-8259-EF3EAE89DE2E}.Release|x64.ActiveCfg = Release|Any CPU
		{9C155B94-5A6D-42C6-8259-EF3EAE89DE2E}.Release|x64.Build.0 = Release|Any CPU
		{9C155B94-5A6D-42C6-8259-EF3EAE89DE2E}.Release|x86.ActiveCfg = Release|Any CPU
		{9C155B94-5A6D-42C6-8259-EF3EAE89DE2E}.Release|x86.Build.0 = Release|Any CPU
		{C9DB1DB3-94C2-4205-A3A4-43BF8B5E2DB1}.Debug|Any CPU.ActiveCfg = Debug|Any CPU
		{C9DB1DB3-94C2-4205-A3A4-43BF8B5E2DB1}.Debug|Any CPU.Build.0 = Debug|Any CPU
		{C9DB1DB3-94C2-4205-A3A4-43BF8B5E2DB1}.Debug|ARM64.ActiveCfg = Debug|Any CPU
		{C9DB1DB3-94C2-4205-A3A4-43BF8B5E2DB1}.Debug|ARM64.Build.0 = Debug|Any CPU
		{C9DB1DB3-94C2-4205-A3A4-43BF8B5E2DB1}.Debug|x64.ActiveCfg = Debug|Any CPU
		{C9DB1DB3-94C2-4205-A3A4-43BF8B5E2DB1}.Debug|x64.Build.0 = Debug|Any CPU
		{C9DB1DB3-94C2-4205-A3A4-43BF8B5E2DB1}.Debug|x86.ActiveCfg = Debug|Any CPU
		{C9DB1DB3-94C2-4205-A3A4-43BF8B5E2DB1}.Debug|x86.Build.0 = Debug|Any CPU
		{C9DB1DB3-94C2-4205-A3A4-43BF8B5E2DB1}.Release|Any CPU.ActiveCfg = Release|Any CPU
		{C9DB1DB3-94C2-4205-A3A4-43BF8B5E2DB1}.Release|Any CPU.Build.0 = Release|Any CPU
		{C9DB1DB3-94C2-4205-A3A4-43BF8B5E2DB1}.Release|ARM64.ActiveCfg = Release|Any CPU
		{C9DB1DB3-94C2-4205-A3A4-43BF8B5E2DB1}.Release|ARM64.Build.0 = Release|Any CPU
		{C9DB1DB3-94C2-4205-A3A4-43BF8B5E2DB1}.Release|x64.ActiveCfg = Release|Any CPU
		{C9DB1DB3-94C2-4205-A3A4-43BF8B5E2DB1}.Release|x64.Build.0 = Release|Any CPU
		{C9DB1DB3-94C2-4205-A3A4-43BF8B5E2DB1}.Release|x86.ActiveCfg = Release|Any CPU
		{C9DB1DB3-94C2-4205-A3A4-43BF8B5E2DB1}.Release|x86.Build.0 = Release|Any CPU
		{B1DC0135-C075-43AC-B129-AF433A8220BA}.Debug|Any CPU.ActiveCfg = Debug|Any CPU
		{B1DC0135-C075-43AC-B129-AF433A8220BA}.Debug|Any CPU.Build.0 = Debug|Any CPU
		{B1DC0135-C075-43AC-B129-AF433A8220BA}.Debug|ARM64.ActiveCfg = Debug|Any CPU
		{B1DC0135-C075-43AC-B129-AF433A8220BA}.Debug|ARM64.Build.0 = Debug|Any CPU
		{B1DC0135-C075-43AC-B129-AF433A8220BA}.Debug|x64.ActiveCfg = Debug|Any CPU
		{B1DC0135-C075-43AC-B129-AF433A8220BA}.Debug|x64.Build.0 = Debug|Any CPU
		{B1DC0135-C075-43AC-B129-AF433A8220BA}.Debug|x86.ActiveCfg = Debug|Any CPU
		{B1DC0135-C075-43AC-B129-AF433A8220BA}.Debug|x86.Build.0 = Debug|Any CPU
		{B1DC0135-C075-43AC-B129-AF433A8220BA}.Release|Any CPU.ActiveCfg = Release|Any CPU
		{B1DC0135-C075-43AC-B129-AF433A8220BA}.Release|Any CPU.Build.0 = Release|Any CPU
		{B1DC0135-C075-43AC-B129-AF433A8220BA}.Release|ARM64.ActiveCfg = Release|Any CPU
		{B1DC0135-C075-43AC-B129-AF433A8220BA}.Release|ARM64.Build.0 = Release|Any CPU
		{B1DC0135-C075-43AC-B129-AF433A8220BA}.Release|x64.ActiveCfg = Release|Any CPU
		{B1DC0135-C075-43AC-B129-AF433A8220BA}.Release|x64.Build.0 = Release|Any CPU
		{B1DC0135-C075-43AC-B129-AF433A8220BA}.Release|x86.ActiveCfg = Release|Any CPU
		{B1DC0135-C075-43AC-B129-AF433A8220BA}.Release|x86.Build.0 = Release|Any CPU
		{44A23565-6CD5-4B28-9B50-DE5200DEA0B0}.Debug|Any CPU.ActiveCfg = Debug|Any CPU
		{44A23565-6CD5-4B28-9B50-DE5200DEA0B0}.Debug|Any CPU.Build.0 = Debug|Any CPU
		{44A23565-6CD5-4B28-9B50-DE5200DEA0B0}.Debug|ARM64.ActiveCfg = Debug|Any CPU
		{44A23565-6CD5-4B28-9B50-DE5200DEA0B0}.Debug|ARM64.Build.0 = Debug|Any CPU
		{44A23565-6CD5-4B28-9B50-DE5200DEA0B0}.Debug|x64.ActiveCfg = Debug|Any CPU
		{44A23565-6CD5-4B28-9B50-DE5200DEA0B0}.Debug|x64.Build.0 = Debug|Any CPU
		{44A23565-6CD5-4B28-9B50-DE5200DEA0B0}.Debug|x86.ActiveCfg = Debug|Any CPU
		{44A23565-6CD5-4B28-9B50-DE5200DEA0B0}.Debug|x86.Build.0 = Debug|Any CPU
		{44A23565-6CD5-4B28-9B50-DE5200DEA0B0}.Release|Any CPU.ActiveCfg = Release|Any CPU
		{44A23565-6CD5-4B28-9B50-DE5200DEA0B0}.Release|Any CPU.Build.0 = Release|Any CPU
		{44A23565-6CD5-4B28-9B50-DE5200DEA0B0}.Release|ARM64.ActiveCfg = Release|Any CPU
		{44A23565-6CD5-4B28-9B50-DE5200DEA0B0}.Release|ARM64.Build.0 = Release|Any CPU
		{44A23565-6CD5-4B28-9B50-DE5200DEA0B0}.Release|x64.ActiveCfg = Release|Any CPU
		{44A23565-6CD5-4B28-9B50-DE5200DEA0B0}.Release|x64.Build.0 = Release|Any CPU
		{44A23565-6CD5-4B28-9B50-DE5200DEA0B0}.Release|x86.ActiveCfg = Release|Any CPU
		{44A23565-6CD5-4B28-9B50-DE5200DEA0B0}.Release|x86.Build.0 = Release|Any CPU
		{F5A1E18F-EF6D-4AEF-A096-C1B994531543}.Debug|Any CPU.ActiveCfg = Debug|Any CPU
		{F5A1E18F-EF6D-4AEF-A096-C1B994531543}.Debug|Any CPU.Build.0 = Debug|Any CPU
		{F5A1E18F-EF6D-4AEF-A096-C1B994531543}.Debug|ARM64.ActiveCfg = Debug|Any CPU
		{F5A1E18F-EF6D-4AEF-A096-C1B994531543}.Debug|ARM64.Build.0 = Debug|Any CPU
		{F5A1E18F-EF6D-4AEF-A096-C1B994531543}.Debug|x64.ActiveCfg = Debug|Any CPU
		{F5A1E18F-EF6D-4AEF-A096-C1B994531543}.Debug|x64.Build.0 = Debug|Any CPU
		{F5A1E18F-EF6D-4AEF-A096-C1B994531543}.Debug|x86.ActiveCfg = Debug|Any CPU
		{F5A1E18F-EF6D-4AEF-A096-C1B994531543}.Debug|x86.Build.0 = Debug|Any CPU
		{F5A1E18F-EF6D-4AEF-A096-C1B994531543}.Release|Any CPU.ActiveCfg = Release|Any CPU
		{F5A1E18F-EF6D-4AEF-A096-C1B994531543}.Release|Any CPU.Build.0 = Release|Any CPU
		{F5A1E18F-EF6D-4AEF-A096-C1B994531543}.Release|ARM64.ActiveCfg = Release|Any CPU
		{F5A1E18F-EF6D-4AEF-A096-C1B994531543}.Release|ARM64.Build.0 = Release|Any CPU
		{F5A1E18F-EF6D-4AEF-A096-C1B994531543}.Release|x64.ActiveCfg = Release|Any CPU
		{F5A1E18F-EF6D-4AEF-A096-C1B994531543}.Release|x64.Build.0 = Release|Any CPU
		{F5A1E18F-EF6D-4AEF-A096-C1B994531543}.Release|x86.ActiveCfg = Release|Any CPU
		{F5A1E18F-EF6D-4AEF-A096-C1B994531543}.Release|x86.Build.0 = Release|Any CPU
		{9091B714-E5B0-47EC-87B4-3E009CE11861}.Debug|Any CPU.ActiveCfg = Debug|Any CPU
		{9091B714-E5B0-47EC-87B4-3E009CE11861}.Debug|Any CPU.Build.0 = Debug|Any CPU
		{9091B714-E5B0-47EC-87B4-3E009CE11861}.Debug|ARM64.ActiveCfg = Debug|Any CPU
		{9091B714-E5B0-47EC-87B4-3E009CE11861}.Debug|ARM64.Build.0 = Debug|Any CPU
		{9091B714-E5B0-47EC-87B4-3E009CE11861}.Debug|x64.ActiveCfg = Debug|Any CPU
		{9091B714-E5B0-47EC-87B4-3E009CE11861}.Debug|x64.Build.0 = Debug|Any CPU
		{9091B714-E5B0-47EC-87B4-3E009CE11861}.Debug|x86.ActiveCfg = Debug|Any CPU
		{9091B714-E5B0-47EC-87B4-3E009CE11861}.Debug|x86.Build.0 = Debug|Any CPU
		{9091B714-E5B0-47EC-87B4-3E009CE11861}.Release|Any CPU.ActiveCfg = Release|Any CPU
		{9091B714-E5B0-47EC-87B4-3E009CE11861}.Release|Any CPU.Build.0 = Release|Any CPU
		{9091B714-E5B0-47EC-87B4-3E009CE11861}.Release|ARM64.ActiveCfg = Release|Any CPU
		{9091B714-E5B0-47EC-87B4-3E009CE11861}.Release|ARM64.Build.0 = Release|Any CPU
		{9091B714-E5B0-47EC-87B4-3E009CE11861}.Release|x64.ActiveCfg = Release|Any CPU
		{9091B714-E5B0-47EC-87B4-3E009CE11861}.Release|x64.Build.0 = Release|Any CPU
		{9091B714-E5B0-47EC-87B4-3E009CE11861}.Release|x86.ActiveCfg = Release|Any CPU
		{9091B714-E5B0-47EC-87B4-3E009CE11861}.Release|x86.Build.0 = Release|Any CPU
	EndGlobalSection
	GlobalSection(SolutionProperties) = preSolution
		HideSolutionNode = FALSE
	EndGlobalSection
	GlobalSection(NestedProjects) = preSolution
		{D3BEF4E4-662C-494F-8728-C9C9862B9C53} = {1744CBD0-9C19-454C-B0DE-72EA0AF8AB00}
	EndGlobalSection
	GlobalSection(ExtensibilityGlobals) = postSolution
		SolutionGuid = {4E06989F-7FA4-4C9F-9C2A-4B45FDCEE7E5}
	EndGlobalSection
EndGlobal
